
Microsoft Visual Studio Solution File, Format Version 12.00
# Visual Studio 2013
VisualStudioVersion = 12.0.0.0
MinimumVisualStudioVersion = 10.0.0.1
Project("{8BB2217D-0F2D-49D1-97BC-3654ED321F3B}") = "TwitterWebApi", "TwitterWebApi\TwitterWebApi.xproj", "{160B56C7-F332-4880-9B6F-700EB4D28861}"
EndProject
Project("{2150E333-8FDC-42A3-9474-1A3956D46DE8}") = "Solution", "Solution", "{CFDBA07C-7E06-4D75-A268-7F4614836D81}"
EndProject
Project("{8BB2217D-0F2D-49D1-97BC-3654ED321F3B}") = "Tests", "Tests\Tests.xproj", "{0081D91C-6BCE-4181-BEEC-30A8FD859C36}"
EndProject
Global
	GlobalSection(SolutionConfigurationPlatforms) = preSolution
		Debug|Any CPU = Debug|Any CPU
		Release|Any CPU = Release|Any CPU
	EndGlobalSection
	GlobalSection(ProjectConfigurationPlatforms) = postSolution
		{160B56C7-F332-4880-9B6F-700EB4D28861}.Debug|Any CPU.ActiveCfg = Debug|Any CPU
		{160B56C7-F332-4880-9B6F-700EB4D28861}.Debug|Any CPU.Build.0 = Debug|Any CPU
		{160B56C7-F332-4880-9B6F-700EB4D28861}.Release|Any CPU.ActiveCfg = Release|Any CPU
		{160B56C7-F332-4880-9B6F-700EB4D28861}.Release|Any CPU.Build.0 = Release|Any CPU
		{0081D91C-6BCE-4181-BEEC-30A8FD859C36}.Debug|Any CPU.ActiveCfg = Debug|Any CPU
		{0081D91C-6BCE-4181-BEEC-30A8FD859C36}.Debug|Any CPU.Build.0 = Debug|Any CPU
		{0081D91C-6BCE-4181-BEEC-30A8FD859C36}.Release|Any CPU.ActiveCfg = Release|Any CPU
		{0081D91C-6BCE-4181-BEEC-30A8FD859C36}.Release|Any CPU.Build.0 = Release|Any CPU
	EndGlobalSection
	GlobalSection(SolutionProperties) = preSolution
		HideSolutionNode = FALSE
	EndGlobalSection
EndGlobal
